
Microsoft Visual Studio Solution File, Format Version 12.00
# Visual Studio Version 17
VisualStudioVersion = 17.3.32825.248
MinimumVisualStudioVersion = 10.0.40219.1
Project("{FAE04EC0-301F-11D3-BF4B-00C04F79EFBC}") = "UrlBuilderBenchmark", "UrlBuilderBenchmark\UrlBuilderBenchmark.csproj", "{4A09D725-7D1D-457C-9C71-582D0E089F0E}"
EndProject
Project("{FAE04EC0-301F-11D3-BF4B-00C04F79EFBC}") = "UrlBuilder_UnitTests", "UrlBuilder_UnitTests\UrlBuilder_UnitTests.csproj", "{DBA302F1-7CAE-43B6-B00C-5015EC4C6E49}"
EndProject
Project("{2150E333-8FDC-42A3-9474-1A3956D46DE8}") = "tests", "tests", "{29457DF8-7542-423B-9DA2-7EA087D34446}"
EndProject
Project("{2150E333-8FDC-42A3-9474-1A3956D46DE8}") = "src", "src", "{773D9857-117E-4546-B019-BB7E1FC86CC6}"
EndProject
Global
	GlobalSection(SolutionConfigurationPlatforms) = preSolution
		Debug|Any CPU = Debug|Any CPU
		Release|Any CPU = Release|Any CPU
	EndGlobalSection
	GlobalSection(ProjectConfigurationPlatforms) = postSolution
		{4A09D725-7D1D-457C-9C71-582D0E089F0E}.Debug|Any CPU.ActiveCfg = Debug|Any CPU
		{4A09D725-7D1D-457C-9C71-582D0E089F0E}.Debug|Any CPU.Build.0 = Debug|Any CPU
		{4A09D725-7D1D-457C-9C71-582D0E089F0E}.Release|Any CPU.ActiveCfg = Release|Any CPU
		{4A09D725-7D1D-457C-9C71-582D0E089F0E}.Release|Any CPU.Build.0 = Release|Any CPU
		{DBA302F1-7CAE-43B6-B00C-5015EC4C6E49}.Debug|Any CPU.ActiveCfg = Debug|Any CPU
		{DBA302F1-7CAE-43B6-B00C-5015EC4C6E49}.Debug|Any CPU.Build.0 = Debug|Any CPU
		{DBA302F1-7CAE-43B6-B00C-5015EC4C6E49}.Release|Any CPU.ActiveCfg = Release|Any CPU
		{DBA302F1-7CAE-43B6-B00C-5015EC4C6E49}.Release|Any CPU.Build.0 = Release|Any CPU
	EndGlobalSection
	GlobalSection(SolutionProperties) = preSolution
		HideSolutionNode = FALSE
	EndGlobalSection
	GlobalSection(NestedProjects) = preSolution
		{4A09D725-7D1D-457C-9C71-582D0E089F0E} = {773D9857-117E-4546-B019-BB7E1FC86CC6}
		{DBA302F1-7CAE-43B6-B00C-5015EC4C6E49} = {29457DF8-7542-423B-9DA2-7EA087D34446}
	EndGlobalSection
	GlobalSection(ExtensibilityGlobals) = postSolution
		SolutionGuid = {38685118-96C0-4F53-B31D-45CF022D936B}
	EndGlobalSection
EndGlobal
